// !$*UTF8*$!
{
	archiveVersion = 1;
	classes = {
	};
	objectVersion = 50;
	objects = {

/* Begin PBXBuildFile section */
		3C5C133B23810D7800292D79 /* Concentration.swift in Sources */ = {isa = PBXBuildFile; fileRef = 3C5C133A23810D7800292D79 /* Concentration.swift */; };
		3C5C133D23810E6700292D79 /* Card.swift in Sources */ = {isa = PBXBuildFile; fileRef = 3C5C133C23810E6700292D79 /* Card.swift */; };
		3CCD5CB9237E5F87002CE501 /* AppDelegate.swift in Sources */ = {isa = PBXBuildFile; fileRef = 3CCD5CB8237E5F87002CE501 /* AppDelegate.swift */; };
		3CCD5CBB237E5F87002CE501 /* SceneDelegate.swift in Sources */ = {isa = PBXBuildFile; fileRef = 3CCD5CBA237E5F87002CE501 /* SceneDelegate.swift */; };
		3CCD5CBD237E5F87002CE501 /* ViewController.swift in Sources */ = {isa = PBXBuildFile; fileRef = 3CCD5CBC237E5F87002CE501 /* ViewController.swift */; };
		3CCD5CC0237E5F87002CE501 /* Main.storyboard in Resources */ = {isa = PBXBuildFile; fileRef = 3CCD5CBE237E5F87002CE501 /* Main.storyboard */; };
		3CCD5CC2237E5F92002CE501 /* Assets.xcassets in Resources */ = {isa = PBXBuildFile; fileRef = 3CCD5CC1237E5F92002CE501 /* Assets.xcassets */; };
		3CCD5CC5237E5F92002CE501 /* LaunchScreen.storyboard in Resources */ = {isa = PBXBuildFile; fileRef = 3CCD5CC3237E5F92002CE501 /* LaunchScreen.storyboard */; };
/* End PBXBuildFile section */

/* Begin PBXFileReference section */
		3C5C133A23810D7800292D79 /* Concentration.swift */ = {isa = PBXFileReference; lastKnownFileType = sourcecode.swift; path = Concentration.swift; sourceTree = "<group>"; };
		3C5C133C23810E6700292D79 /* Card.swift */ = {isa = PBXFileReference; lastKnownFileType = sourcecode.swift; path = Card.swift; sourceTree = "<group>"; };
		3CCD5CB5237E5F87002CE501 /* concentration.app */ = {isa = PBXFileReference; explicitFileType = wrapper.application; includeInIndex = 0; path = concentration.app; sourceTree = BUILT_PRODUCTS_DIR; };
		3CCD5CB8237E5F87002CE501 /* AppDelegate.swift */ = {isa = PBXFileReference; lastKnownFileType = sourcecode.swift; path = AppDelegate.swift; sourceTree = "<group>"; };
		3CCD5CBA237E5F87002CE501 /* SceneDelegate.swift */ = {isa = PBXFileReference; lastKnownFileType = sourcecode.swift; path = SceneDelegate.swift; sourceTree = "<group>"; };
		3CCD5CBC237E5F87002CE501 /* ViewController.swift */ = {isa = PBXFileReference; lastKnownFileType = sourcecode.swift; path = ViewController.swift; sourceTree = "<group>"; };
		3CCD5CBF237E5F87002CE501 /* Base */ = {isa = PBXFileReference; lastKnownFileType = file.storyboard; name = Base; path = Base.lproj/Main.storyboard; sourceTree = "<group>"; };
		3CCD5CC1237E5F92002CE501 /* Assets.xcassets */ = {isa = PBXFileReference; lastKnownFileType = folder.assetcatalog; path = Assets.xcassets; sourceTree = "<group>"; };
		3CCD5CC4237E5F92002CE501 /* Base */ = {isa = PBXFileReference; lastKnownFileType = file.storyboard; name = Base; path = Base.lproj/LaunchScreen.storyboard; sourceTree = "<group>"; };
		3CCD5CC6237E5F92002CE501 /* Info.plist */ = {isa = PBXFileReference; lastKnownFileType = text.plist.xml; path = Info.plist; sourceTree = "<group>"; };
/* End PBXFileReference section */

/* Begin PBXFrameworksBuildPhase section */
		3CCD5CB2237E5F87002CE501 /* Frameworks */ = {
			isa = PBXFrameworksBuildPhase;
			buildActionMask = 2147483647;
			files = (
			);
			runOnlyForDeploymentPostprocessing = 0;
		};
/* End PBXFrameworksBuildPhase section */

/* Begin PBXGroup section */
		3CCD5CAC237E5F86002CE501 = {
			isa = PBXGroup;
			children = (
				3CCD5CB7237E5F87002CE501 /* concentration */,
				3CCD5CB6237E5F87002CE501 /* Products */,
			);
			sourceTree = "<group>";
		};
		3CCD5CB6237E5F87002CE501 /* Products */ = {
			isa = PBXGroup;
			children = (
				3CCD5CB5237E5F87002CE501 /* concentration.app */,
			);
			name = Products;
			sourceTree = "<group>";
		};
		3CCD5CB7237E5F87002CE501 /* concentration */ = {
			isa = PBXGroup;
			children = (
				3C5C133A23810D7800292D79 /* Concentration.swift */,
				3C5C133C23810E6700292D79 /* Card.swift */,
				3CCD5CCC237E60CC002CE501 /* supporting files */,
				3CCD5CBA237E5F87002CE501 /* SceneDelegate.swift */,
				3CCD5CBC237E5F87002CE501 /* ViewController.swift */,
				3CCD5CBE237E5F87002CE501 /* Main.storyboard */,
				3CCD5CC6237E5F92002CE501 /* Info.plist */,
			);
			path = concentration;
			sourceTree = "<group>";
		};
		3CCD5CCC237E60CC002CE501 /* supporting files */ = {
			isa = PBXGroup;
			children = (
				3CCD5CB8237E5F87002CE501 /* AppDelegate.swift */,
				3CCD5CC1237E5F92002CE501 /* Assets.xcassets */,
				3CCD5CC3237E5F92002CE501 /* LaunchScreen.storyboard */,
			);
			path = "supporting files";
			sourceTree = "<group>";
		};
/* End PBXGroup section */

/* Begin PBXNativeTarget section */
		3CCD5CB4237E5F87002CE501 /* concentration */ = {
			isa = PBXNativeTarget;
			buildConfigurationList = 3CCD5CC9237E5F92002CE501 /* Build configuration list for PBXNativeTarget "concentration" */;
			buildPhases = (
				3CCD5CB1237E5F87002CE501 /* Sources */,
				3CCD5CB2237E5F87002CE501 /* Frameworks */,
				3CCD5CB3237E5F87002CE501 /* Resources */,
			);
			buildRules = (
			);
			dependencies = (
			);
			name = concentration;
			productName = concentration;
			productReference = 3CCD5CB5237E5F87002CE501 /* concentration.app */;
			productType = "com.apple.product-type.application";
		};
/* End PBXNativeTarget section */

/* Begin PBXProject section */
		3CCD5CAD237E5F87002CE501 /* Project object */ = {
			isa = PBXProject;
			attributes = {
				LastSwiftUpdateCheck = 1120;
				LastUpgradeCheck = 1120;
				ORGANIZATIONNAME = "shreyas gupta";
				TargetAttributes = {
					3CCD5CB4237E5F87002CE501 = {
						CreatedOnToolsVersion = 11.2;
					};
				};
			};
			buildConfigurationList = 3CCD5CB0237E5F87002CE501 /* Build configuration list for PBXProject "concentration" */;
			compatibilityVersion = "Xcode 9.3";
			developmentRegion = en;
			hasScannedForEncodings = 0;
			knownRegions = (
				en,
				Base,
			);
			mainGroup = 3CCD5CAC237E5F86002CE501;
			productRefGroup = 3CCD5CB6237E5F87002CE501 /* Products */;
			projectDirPath = "";
			projectRoot = "";
			targets = (
				3CCD5CB4237E5F87002CE501 /* concentration */,
			);
		};
/* End PBXProject section */

/* Begin PBXResourcesBuildPhase section */
		3CCD5CB3237E5F87002CE501 /* Resources */ = {
			isa = PBXResourcesBuildPhase;
			buildActionMask = 2147483647;
			files = (
				3CCD5CC5237E5F92002CE501 /* LaunchScreen.storyboard in Resources */,
				3CCD5CC2237E5F92002CE501 /* Assets.xcassets in Resources */,
				3CCD5CC0237E5F87002CE501 /* Main.storyboard in Resources */,
			);
			runOnlyForDeploymentPostprocessing = 0;
		};
/* End PBXResourcesBuildPhase section */

/* Begin PBXSourcesBuildPhase section */
		3CCD5CB1237E5F87002CE501 /* Sources */ = {
			isa = PBXSourcesBuildPhase;
			buildActionMask = 2147483647;
			files = (
				3CCD5CBD237E5F87002CE501 /* ViewController.swift in Sources */,
				3C5C133B23810D7800292D79 /* Concentration.swift in Sources */,
				3C5C133D23810E6700292D79 /* Card.swift in Sources */,
				3CCD5CB9237E5F87002CE501 /* AppDelegate.swift in Sources */,
				3CCD5CBB237E5F87002CE501 /* SceneDelegate.swift in Sources */,
			);
			runOnlyForDeploymentPostprocessing = 0;
		};
/* End PBXSourcesBuildPhase section */

/* Begin PBXVariantGroup section */
		3CCD5CBE237E5F87002CE501 /* Main.storyboard */ = {
			isa = PBXVariantGroup;
			children = (
				3CCD5CBF237E5F87002CE501 /* Base */,
			);
			name = Main.storyboard;
			sourceTree = "<group>";
		};
		3CCD5CC3237E5F92002CE501 /* LaunchScreen.storyboard */ = {
			isa = PBXVariantGroup;
			children = (
				3CCD5CC4237E5F92002CE501 /* Base */,
			);
			name = LaunchScreen.storyboard;
			sourceTree = "<group>";
		};
/* End PBXVariantGroup section */

/* Begin XCBuildConfiguration section */
		3CCD5CC7237E5F92002CE501 /* Debug */ = {
			isa = XCBuildConfiguration;
			buildSettings = {
				ALWAYS_SEARCH_USER_PATHS = NO;
				CLANG_ANALYZER_NONNULL = YES;
				CLANG_ANALYZER_NUMBER_OBJECT_CONVERSION = YES_AGGRESSIVE;
				CLANG_CXX_LANGUAGE_STANDARD = "gnu++14";
				CLANG_CXX_LIBRARY = "libc++";
				CLANG_ENABLE_MODULES = YES;
				CLANG_ENABLE_OBJC_ARC = YES;
				CLANG_ENABLE_OBJC_WEAK = YES;
				CLANG_WARN_BLOCK_CAPTURE_AUTORELEASING = YES;
				CLANG_WARN_BOOL_CONVERSION = YES;
				CLANG_WARN_COMMA = YES;
				CLANG_WARN_CONSTANT_CONVERSION = YES;
				CLANG_WARN_DEPRECATED_OBJC_IMPLEMENTATIONS = YES;
				CLANG_WARN_DIRECT_OBJC_ISA_USAGE = YES_ERROR;
				CLANG_WARN_DOCUMENTATION_COMMENTS = YES;
				CLANG_WARN_EMPTY_BODY = YES;
				CLANG_WARN_ENUM_CONVERSION = YES;
				CLANG_WARN_INFINITE_RECURSION = YES;
				CLANG_WARN_INT_CONVERSION = YES;
				CLANG_WARN_NON_LITERAL_NULL_CONVERSION = YES;
				CLANG_WARN_OBJC_IMPLICIT_RETAIN_SELF = YES;
				CLANG_WARN_OBJC_LITERAL_CONVERSION = YES;
				CLANG_WARN_OBJC_ROOT_CLASS = YES_ERROR;
				CLANG_WARN_RANGE_LOOP_ANALYSIS = YES;
				CLANG_WARN_STRICT_PROTOTYPES = YES;
				CLANG_WARN_SUSPICIOUS_MOVE = YES;
				CLANG_WARN_UNGUARDED_AVAILABILITY = YES_AGGRESSIVE;
				CLANG_WARN_UNREACHABLE_CODE = YES;
				CLANG_WARN__DUPLICATE_METHOD_MATCH = YES;
				COPY_PHASE_STRIP = NO;
				DEBUG_INFORMATION_FORMAT = dwarf;
				ENABLE_STRICT_OBJC_MSGSEND = YES;
				ENABLE_TESTABILITY = YES;
				GCC_C_LANGUAGE_STANDARD = gnu11;
				GCC_DYNAMIC_NO_PIC = NO;
				GCC_NO_COMMON_BLOCKS = YES;
				GCC_OPTIMIZATION_LEVEL = 0;
				GCC_PREPROCESSOR_DEFINITIONS = (
					"DEBUG=1",
					"$(inherited)",
				);
				GCC_WARN_64_TO_32_BIT_CONVERSION = YES;
				GCC_WARN_ABOUT_RETURN_TYPE = YES_ERROR;
				GCC_WARN_UNDECLARED_SELECTOR = YES;
				GCC_WARN_UNINITIALIZED_AUTOS = YES_AGGRESSIVE;
				GCC_WARN_UNUSED_FUNCTION = YES;
				GCC_WARN_UNUSED_VARIABLE = YES;
				IPHONEOS_DEPLOYMENT_TARGET = 13.2;
				MTL_ENABLE_DEBUG_INFO = INCLUDE_SOURCE;
				MTL_FAST_MATH = YES;
				ONLY_ACTIVE_ARCH = YES;
				SDKROOT = iphoneos;
				SWIFT_ACTIVE_COMPILATION_CONDITIONS = DEBUG;
				SWIFT_OPTIMIZATION_LEVEL = "-Onone";
			};
			name = Debug;
		};
		3CCD5CC8237E5F92002CE501 /* Release */ = {
			isa = XCBuildConfiguration;
			buildSettings = {
				ALWAYS_SEARCH_USER_PATHS = NO;
				CLANG_ANALYZER_NONNULL = YES;
				CLANG_ANALYZER_NUMBER_OBJECT_CONVERSION = YES_AGGRESSIVE;
				CLANG_CXX_LANGUAGE_STANDARD = "gnu++14";
				CLANG_CXX_LIBRARY = "libc++";
				CLANG_ENABLE_MODULES = YES;
				CLANG_ENABLE_OBJC_ARC = YES;
				CLANG_ENABLE_OBJC_WEAK = YES;
				CLANG_WARN_BLOCK_CAPTURE_AUTORELEASING = YES;
				CLANG_WARN_BOOL_CONVERSION = YES;
				CLANG_WARN_COMMA = YES;
				CLANG_WARN_CONSTANT_CONVERSION = YES;
				CLANG_WARN_DEPRECATED_OBJC_IMPLEMENTATIONS = YES;
				CLANG_WARN_DIRECT_OBJC_ISA_USAGE = YES_ERROR;
				CLANG_WARN_DOCUMENTATION_COMMENTS = YES;
				CLANG_WARN_EMPTY_BODY = YES;
				CLANG_WARN_ENUM_CONVERSION = YES;
				CLANG_WARN_INFINITE_RECURSION = YES;
				CLANG_WARN_INT_CONVERSION = YES;
				CLANG_WARN_NON_LITERAL_NULL_CONVERSION = YES;
				CLANG_WARN_OBJC_IMPLICIT_RETAIN_SELF = YES;
				CLANG_WARN_OBJC_LITERAL_CONVERSION = YES;
				CLANG_WARN_OBJC_ROOT_CLASS = YES_ERROR;
				CLANG_WARN_RANGE_LOOP_ANALYSIS = YES;
				CLANG_WARN_STRICT_PROTOTYPES = YES;
				CLANG_WARN_SUSPICIOUS_MOVE = YES;
				CLANG_WARN_UNGUARDED_AVAILABILITY = YES_AGGRESSIVE;
				CLANG_WARN_UNREACHABLE_CODE = YES;
				CLANG_WARN__DUPLICATE_METHOD_MATCH = YES;
				COPY_PHASE_STRIP = NO;
				DEBUG_INFORMATION_FORMAT = "dwarf-with-dsym";
				ENABLE_NS_ASSERTIONS = NO;
				ENABLE_STRICT_OBJC_MSGSEND = YES;
				GCC_C_LANGUAGE_STANDARD = gnu11;
				GCC_NO_COMMON_BLOCKS = YES;
				GCC_WARN_64_TO_32_BIT_CONVERSION = YES;
				GCC_WARN_ABOUT_RETURN_TYPE = YES_ERROR;
				GCC_WARN_UNDECLARED_SELECTOR = YES;
				GCC_WARN_UNINITIALIZED_AUTOS = YES_AGGRESSIVE;
				GCC_WARN_UNUSED_FUNCTION = YES;
				GCC_WARN_UNUSED_VARIABLE = YES;
				IPHONEOS_DEPLOYMENT_TARGET = 13.2;
				MTL_ENABLE_DEBUG_INFO = NO;
				MTL_FAST_MATH = YES;
				SDKROOT = iphoneos;
				SWIFT_COMPILATION_MODE = wholemodule;
				SWIFT_OPTIMIZATION_LEVEL = "-O";
				VALIDATE_PRODUCT = YES;
			};
			name = Release;
		};
		3CCD5CCA237E5F92002CE501 /* Debug */ = {
			isa = XCBuildConfiguration;
			buildSettings = {
				ASSETCATALOG_COMPILER_APPICON_NAME = AppIcon;
				CODE_SIGN_STYLE = Automatic;
				DEVELOPMENT_TEAM = M8Z34S4T39;
				INFOPLIST_FILE = concentration/Info.plist;
				IPHONEOS_DEPLOYMENT_TARGET = 13.0;
				LD_RUNPATH_SEARCH_PATHS = (
					"$(inherited)",
					"@executable_path/Frameworks",
				);
				PRODUCT_BUNDLE_IDENTIFIER = com.glado8.concentration;
				PRODUCT_NAME = "$(TARGET_NAME)";
				SWIFT_VERSION = 5.0;
				TARGETED_DEVICE_FAMILY = "1,2";
			};
			name = Debug;
		};
		3CCD5CCB237E5F92002CE501 /* Release */ = {
			isa = XCBuildConfiguration;
			buildSettings = {
				ASSETCATALOG_COMPILER_APPICON_NAME = AppIcon;
				CODE_SIGN_STYLE = Automatic;
				DEVELOPMENT_TEAM = M8Z34S4T39;
				INFOPLIST_FILE = concentration/Info.plist;
				IPHONEOS_DEPLOYMENT_TARGET = 13.0;
				LD_RUNPATH_SEARCH_PATHS = (
					"$(inherited)",
					"@executable_path/Frameworks",
				);
				PRODUCT_BUNDLE_IDENTIFIER = com.glado8.concentration;
				PRODUCT_NAME = "$(TARGET_NAME)";
				SWIFT_VERSION = 5.0;
				TARGETED_DEVICE_FAMILY = "1,2";
			};
			name = Release;
		};
/* End XCBuildConfiguration section */

/* Begin XCConfigurationList section */
		3CCD5CB0237E5F87002CE501 /* Build configuration list for PBXProject "concentration" */ = {
			isa = XCConfigurationList;
			buildConfigurations = (
				3CCD5CC7237E5F92002CE501 /* Debug */,
				3CCD5CC8237E5F92002CE501 /* Release */,
			);
			defaultConfigurationIsVisible = 0;
			defaultConfigurationName = Release;
		};
		3CCD5CC9237E5F92002CE501 /* Build configuration list for PBXNativeTarget "concentration" */ = {
			isa = XCConfigurationList;
			buildConfigurations = (
				3CCD5CCA237E5F92002CE501 /* Debug */,
				3CCD5CCB237E5F92002CE501 /* Release */,
			);
			defaultConfigurationIsVisible = 0;
			defaultConfigurationName = Release;
		};
/* End XCConfigurationList section */
	};
	rootObject = 3CCD5CAD237E5F87002CE501 /* Project object */;
}
